
Microsoft Visual Studio Solution File, Format Version 12.00
# Visual Studio Version 16
VisualStudioVersion = 16.0.29403.142
MinimumVisualStudioVersion = 10.0.40219.1
Project("{FAE04EC0-301F-11D3-BF4B-00C04F79EFBC}") = "GreenScreenApp", "GreenScreenApp\GreenScreenApp.csproj", "{1A13DD17-B68C-49CA-A40A-8574A82188C7}"
EndProject
Project("{8BC9CEB8-8B4A-11D0-8D11-00A0C91BC942}") = "Cpp", "Cpp\Cpp.vcxproj", "{51BD9134-5637-496F-B54A-04F41F36EA2A}"
EndProject
Project("{8BC9CEB8-8B4A-11D0-8D11-00A0C91BC942}") = "Assembler", "Assembler\Assembler.vcxproj", "{BB62BBE3-EF20-4F56-8CB1-0DE6243A6462}"
EndProject
Global
	GlobalSection(SolutionConfigurationPlatforms) = preSolution
		Debug|Any CPU = Debug|Any CPU
		Debug|x64 = Debug|x64
		Debug|x86 = Debug|x86
		Release|Any CPU = Release|Any CPU
		Release|x64 = Release|x64
		Release|x86 = Release|x86
	EndGlobalSection
	GlobalSection(ProjectConfigurationPlatforms) = postSolution
		{1A13DD17-B68C-49CA-A40A-8574A82188C7}.Debug|Any CPU.ActiveCfg = Debug|Any CPU
		{1A13DD17-B68C-49CA-A40A-8574A82188C7}.Debug|Any CPU.Build.0 = Debug|Any CPU
		{1A13DD17-B68C-49CA-A40A-8574A82188C7}.Debug|x64.ActiveCfg = Debug|Any CPU
		{1A13DD17-B68C-49CA-A40A-8574A82188C7}.Debug|x64.Build.0 = Debug|Any CPU
		{1A13DD17-B68C-49CA-A40A-8574A82188C7}.Debug|x86.ActiveCfg = Debug|Any CPU
		{1A13DD17-B68C-49CA-A40A-8574A82188C7}.Debug|x86.Build.0 = Debug|Any CPU
		{1A13DD17-B68C-49CA-A40A-8574A82188C7}.Release|Any CPU.ActiveCfg = Release|Any CPU
		{1A13DD17-B68C-49CA-A40A-8574A82188C7}.Release|Any CPU.Build.0 = Release|Any CPU
		{1A13DD17-B68C-49CA-A40A-8574A82188C7}.Release|x64.ActiveCfg = Release|Any CPU
		{1A13DD17-B68C-49CA-A40A-8574A82188C7}.Release|x64.Build.0 = Release|Any CPU
		{1A13DD17-B68C-49CA-A40A-8574A82188C7}.Release|x86.ActiveCfg = Release|Any CPU
		{1A13DD17-B68C-49CA-A40A-8574A82188C7}.Release|x86.Build.0 = Release|Any CPU
		{51BD9134-5637-496F-B54A-04F41F36EA2A}.Debug|Any CPU.ActiveCfg = Debug|Win32
		{51BD9134-5637-496F-B54A-04F41F36EA2A}.Debug|x64.ActiveCfg = Debug|x64
		{51BD9134-5637-496F-B54A-04F41F36EA2A}.Debug|x64.Build.0 = Debug|x64
		{51BD9134-5637-496F-B54A-04F41F36EA2A}.Debug|x86.ActiveCfg = Debug|Win32
		{51BD9134-5637-496F-B54A-04F41F36EA2A}.Debug|x86.Build.0 = Debug|Win32
		{51BD9134-5637-496F-B54A-04F41F36EA2A}.Release|Any CPU.ActiveCfg = Release|Win32
		{51BD9134-5637-496F-B54A-04F41F36EA2A}.Release|x64.ActiveCfg = Release|x64
		{51BD9134-5637-496F-B54A-04F41F36EA2A}.Release|x64.Build.0 = Release|x64
		{51BD9134-5637-496F-B54A-04F41F36EA2A}.Release|x86.ActiveCfg = Release|Win32
		{51BD9134-5637-496F-B54A-04F41F36EA2A}.Release|x86.Build.0 = Release|Win32
		{BB62BBE3-EF20-4F56-8CB1-0DE6243A6462}.Debug|Any CPU.ActiveCfg = Debug|Win32
		{BB62BBE3-EF20-4F56-8CB1-0DE6243A6462}.Debug|x64.ActiveCfg = Debug|x64
		{BB62BBE3-EF20-4F56-8CB1-0DE6243A6462}.Debug|x64.Build.0 = Debug|x64
		{BB62BBE3-EF20-4F56-8CB1-0DE6243A6462}.Debug|x86.ActiveCfg = Debug|Win32
		{BB62BBE3-EF20-4F56-8CB1-0DE6243A6462}.Debug|x86.Build.0 = Debug|Win32
		{BB62BBE3-EF20-4F56-8CB1-0DE6243A6462}.Release|Any CPU.ActiveCfg = Release|Win32
		{BB62BBE3-EF20-4F56-8CB1-0DE6243A6462}.Release|x64.ActiveCfg = Release|x64
		{BB62BBE3-EF20-4F56-8CB1-0DE6243A6462}.Release|x64.Build.0 = Release|x64
		{BB62BBE3-EF20-4F56-8CB1-0DE6243A6462}.Release|x86.ActiveCfg = Release|Win32
		{BB62BBE3-EF20-4F56-8CB1-0DE6243A6462}.Release|x86.Build.0 = Release|Win32
	EndGlobalSection
	GlobalSection(SolutionProperties) = preSolution
		HideSolutionNode = FALSE
	EndGlobalSection
	GlobalSection(ExtensibilityGlobals) = postSolution
		SolutionGuid = {F6472AC0-E296-41A7-95E5-05D33DB0D6DE}
	EndGlobalSection
EndGlobal
